Microsoft Visual Studio Solution File, Format Version 11.00
# Visual Studio 2008

Project("{56FC2DD7-A30D-6529-8CB2-0E088989C83C}") = "Project_Weeping_Angels", "Assembly-CSharp-firstpass.csproj", "{3C008A78-FA5B-22AC-9C11-6F39EDBA0EFF}"
EndProject
Project("{56FC2DD7-A30D-6529-8CB2-0E088989C83C}") = "Project_Weeping_Angels", "Assembly-CSharp.csproj", "{317B5F48-F581-8D4E-D2D9-4982E0548D35}"
EndProject
Project("{56FC2DD7-A30D-6529-8CB2-0E088989C83C}") = "Project_Weeping_Angels", "Assembly-CSharp-Editor.csproj", "{738D9FF4-871A-795B-B8BB-31814A4A8B0F}"
EndProject
Global
	GlobalSection(SolutionConfigurationPlatforms) = preSolution
		Debug|Any CPU = Debug|Any CPU
		Release|Any CPU = Release|Any CPU
	EndGlobalSection
	GlobalSection(ProjectConfigurationPlatforms) = postSolution
		{3C008A78-FA5B-22AC-9C11-6F39EDBA0EFF}.Debug|Any CPU.ActiveCfg = Debug|Any CPU
		{3C008A78-FA5B-22AC-9C11-6F39EDBA0EFF}.Debug|Any CPU.Build.0 = Debug|Any CPU
		{3C008A78-FA5B-22AC-9C11-6F39EDBA0EFF}.Release|Any CPU.ActiveCfg = Release|Any CPU
		{3C008A78-FA5B-22AC-9C11-6F39EDBA0EFF}.Release|Any CPU.Build.0 = Release|Any CPU
		{317B5F48-F581-8D4E-D2D9-4982E0548D35}.Debug|Any CPU.ActiveCfg = Debug|Any CPU
		{317B5F48-F581-8D4E-D2D9-4982E0548D35}.Debug|Any CPU.Build.0 = Debug|Any CPU
		{317B5F48-F581-8D4E-D2D9-4982E0548D35}.Release|Any CPU.ActiveCfg = Release|Any CPU
		{317B5F48-F581-8D4E-D2D9-4982E0548D35}.Release|Any CPU.Build.0 = Release|Any CPU
		{738D9FF4-871A-795B-B8BB-31814A4A8B0F}.Debug|Any CPU.ActiveCfg = Debug|Any CPU
		{738D9FF4-871A-795B-B8BB-31814A4A8B0F}.Debug|Any CPU.Build.0 = Debug|Any CPU
		{738D9FF4-871A-795B-B8BB-31814A4A8B0F}.Release|Any CPU.ActiveCfg = Release|Any CPU
		{738D9FF4-871A-795B-B8BB-31814A4A8B0F}.Release|Any CPU.Build.0 = Release|Any CPU
	EndGlobalSection
	GlobalSection(SolutionProperties) = preSolution
		HideSolutionNode = FALSE
	EndGlobalSection
<<<<<<< HEAD
																																																																																																																				GlobalSection(MonoDevelopProperties) = preSolution
=======
																																																																																																																																			GlobalSection(MonoDevelopProperties) = preSolution
>>>>>>> Stashed changes
=======
																																																																																																																									GlobalSection(MonoDevelopProperties) = preSolution
=======
<<<<<<< Updated upstream
																																																																																																													GlobalSection(MonoDevelopProperties) = preSolution
=======
																																																																																																																																			GlobalSection(MonoDevelopProperties) = preSolution
>>>>>>> Stashed changes
>>>>>>> origin/master
>>>>>>> origin/master
=======
<<<<<<< HEAD
=======
>>>>>>> origin/master
=======
>>>>>>> origin/master
																																																						GlobalSection(MonoDevelopProperties) = preSolution
=======
<<<<<<< HEAD
=======
<<<<<<< HEAD
																																																																						GlobalSection(MonoDevelopProperties) = preSolution
=======
<<<<<<< HEAD
=======
<<<<<<< HEAD
<<<<<<< HEAD
<<<<<<< HEAD
																																																				GlobalSection(MonoDevelopProperties) = preSolution
=======
<<<<<<< HEAD
=======
>>>>>>> origin/master
=======
>>>>>>> origin/master
																																																						GlobalSection(MonoDevelopProperties) = preSolution
=======
<<<<<<< HEAD
>>>>>>> origin/master
>>>>>>> origin/master
																																															GlobalSection(MonoDevelopProperties) = preSolution
>>>>>>> origin/master
=======
																													GlobalSection(MonoDevelopProperties) = preSolution
>>>>>>> origin/master
=======
<<<<<<< HEAD
																																																				GlobalSection(MonoDevelopProperties) = preSolution
=======
<<<<<<< Updated upstream
																																				GlobalSection(MonoDevelopProperties) = preSolution
>>>>>>> origin/master
>>>>>>> origin/master
=======
																																																					GlobalSection(MonoDevelopProperties) = preSolution
>>>>>>> origin/master
=======
<<<<<<< Updated upstream
																																				GlobalSection(MonoDevelopProperties) = preSolution
>>>>>>> origin/master
>>>>>>> origin/master
=======
																													GlobalSection(MonoDevelopProperties) = preSolution
>>>>>>> origin/master
=======
																															GlobalSection(MonoDevelopProperties) = preSolution
>>>>>>> Stashed changes
=======
																																							GlobalSection(MonoDevelopProperties) = preSolution
=======
																													GlobalSection(MonoDevelopProperties) = preSolution
>>>>>>> origin/master
>>>>>>> Stashed changes
=======
																										GlobalSection(MonoDevelopProperties) = preSolution
>>>>>>> origin/master
		StartupItem = Assembly-CSharp.csproj
		Policies = $0
		$0.TextStylePolicy = $1
		$1.inheritsSet = null
		$1.scope = text/x-csharp
		$0.CSharpFormattingPolicy = $2
		$2.inheritsSet = Mono
		$2.inheritsScope = text/x-csharp
		$2.scope = text/x-csharp
		$0.TextStylePolicy = $3
		$3.FileWidth = 120
		$3.TabWidth = 4
		$3.IndentWidth = 4
		$3.EolMarker = Unix
		$3.inheritsSet = Mono
		$3.inheritsScope = text/plain
		$3.scope = text/plain
	EndGlobalSection

EndGlobal
